
Microsoft Visual Studio Solution File, Format Version 12.00
# Visual Studio Version 17
VisualStudioVersion = 17.11.35303.130
MinimumVisualStudioVersion = 10.0.40219.1
Project("{9A19103F-16F7-4668-BE54-9A1E7A4F7556}") = "Primitive", "Datatypes\Primitive.csproj", "{3CC4D318-294F-41F0-A088-9784623B5FF5}"
EndProject
Project("{9A19103F-16F7-4668-BE54-9A1E7A4F7556}") = "NonPrimitive", "NonPrimitive\NonPrimitive.csproj", "{1A6A948C-A816-45A0-9BF8-E84795FAF90E}"
EndProject
Project("{9A19103F-16F7-4668-BE54-9A1E7A4F7556}") = "NullableTypes", "NullableTypes\NullableTypes.csproj", "{C7ED18F4-4623-4ACF-99ED-E55F2D5F2C18}"
EndProject
Project("{FAE04EC0-301F-11D3-BF4B-00C04F79EFBC}") = "TypeConversion", "TypeConversion\TypeConversion.csproj", "{C06EBC8F-D645-404D-9523-B5DD943C19D3}"
EndProject
Global
	GlobalSection(SolutionConfigurationPlatforms) = preSolution
		Debug|Any CPU = Debug|Any CPU
		Release|Any CPU = Release|Any CPU
	EndGlobalSection
	GlobalSection(ProjectConfigurationPlatforms) = postSolution
		{3CC4D318-294F-41F0-A088-9784623B5FF5}.Debug|Any CPU.ActiveCfg = Debug|Any CPU
		{3CC4D318-294F-41F0-A088-9784623B5FF5}.Debug|Any CPU.Build.0 = Debug|Any CPU
		{3CC4D318-294F-41F0-A088-9784623B5FF5}.Release|Any CPU.ActiveCfg = Release|Any CPU
		{3CC4D318-294F-41F0-A088-9784623B5FF5}.Release|Any CPU.Build.0 = Release|Any CPU
		{1A6A948C-A816-45A0-9BF8-E84795FAF90E}.Debug|Any CPU.ActiveCfg = Debug|Any CPU
		{1A6A948C-A816-45A0-9BF8-E84795FAF90E}.Debug|Any CPU.Build.0 = Debug|Any CPU
		{1A6A948C-A816-45A0-9BF8-E84795FAF90E}.Release|Any CPU.ActiveCfg = Release|Any CPU
		{1A6A948C-A816-45A0-9BF8-E84795FAF90E}.Release|Any CPU.Build.0 = Release|Any CPU
		{C7ED18F4-4623-4ACF-99ED-E55F2D5F2C18}.Debug|Any CPU.ActiveCfg = Debug|Any CPU
		{C7ED18F4-4623-4ACF-99ED-E55F2D5F2C18}.Debug|Any CPU.Build.0 = Debug|Any CPU
		{C7ED18F4-4623-4ACF-99ED-E55F2D5F2C18}.Release|Any CPU.ActiveCfg = Release|Any CPU
		{C7ED18F4-4623-4ACF-99ED-E55F2D5F2C18}.Release|Any CPU.Build.0 = Release|Any CPU
		{C06EBC8F-D645-404D-9523-B5DD943C19D3}.Debug|Any CPU.ActiveCfg = Debug|Any CPU
		{C06EBC8F-D645-404D-9523-B5DD943C19D3}.Debug|Any CPU.Build.0 = Debug|Any CPU
		{C06EBC8F-D645-404D-9523-B5DD943C19D3}.Release|Any CPU.ActiveCfg = Release|Any CPU
		{C06EBC8F-D645-404D-9523-B5DD943C19D3}.Release|Any CPU.Build.0 = Release|Any CPU
	EndGlobalSection
	GlobalSection(SolutionProperties) = preSolution
		HideSolutionNode = FALSE
	EndGlobalSection
	GlobalSection(ExtensibilityGlobals) = postSolution
		SolutionGuid = {6F708767-4322-477D-A8E2-2E7EE4EB75FA}
	EndGlobalSection
EndGlobal
